
Microsoft Visual Studio Solution File, Format Version 12.00
# Visual Studio Version 17
VisualStudioVersion = 17.1.32319.34
MinimumVisualStudioVersion = 10.0.40219.1
Project("{9A19103F-16F7-4668-BE54-9A1E7A4F7556}") = "JiraNote", "JiraNote.csproj", "{51C671F8-ABE6-4092-A523-DAC00EBDFC11}"
EndProject
Project("{2150E333-8FDC-42A3-9474-1A3956D46DE8}") = "Solution Items", "Solution Items", "{D1A5205B-3132-4945-917C-1142B0EE5788}"
EndProject
Global
	GlobalSection(SolutionConfigurationPlatforms) = preSolution
		Debug|Any CPU = Debug|Any CPU
		Release|Any CPU = Release|Any CPU
	EndGlobalSection
	GlobalSection(ProjectConfigurationPlatforms) = postSolution
		{51C671F8-ABE6-4092-A523-DAC00EBDFC11}.Debug|Any CPU.ActiveCfg = Debug|Any CPU
		{51C671F8-ABE6-4092-A523-DAC00EBDFC11}.Debug|Any CPU.Build.0 = Debug|Any CPU
		{51C671F8-ABE6-4092-A523-DAC00EBDFC11}.Release|Any CPU.ActiveCfg = Release|Any CPU
		{51C671F8-ABE6-4092-A523-DAC00EBDFC11}.Release|Any CPU.Build.0 = Release|Any CPU
	EndGlobalSection
	GlobalSection(SolutionProperties) = preSolution
		HideSolutionNode = FALSE
	EndGlobalSection
	GlobalSection(ExtensibilityGlobals) = postSolution
		SolutionGuid = {0A345DCF-2456-4318-89E7-393F35AA5243}
	EndGlobalSection
EndGlobal
